
Microsoft Visual Studio Solution File, Format Version 12.00
# Visual Studio Version 17
VisualStudioVersion = 17.7.34031.279
MinimumVisualStudioVersion = 10.0.40219.1
Project("{FAE04EC0-301F-11D3-BF4B-00C04F79EFBC}") = "lab2-3Sokolov", "lab2-3Sokolov\lab2-3Sokolov.csproj", "{4E4FCD6A-3456-4BF3-B392-B62AC89A51DC}"
EndProject
Global
	GlobalSection(SolutionConfigurationPlatforms) = preSolution
		Debug|Any CPU = Debug|Any CPU
		Release|Any CPU = Release|Any CPU
	EndGlobalSection
	GlobalSection(ProjectConfigurationPlatforms) = postSolution
		{4E4FCD6A-3456-4BF3-B392-B62AC89A51DC}.Debug|Any CPU.ActiveCfg = Debug|Any CPU
		{4E4FCD6A-3456-4BF3-B392-B62AC89A51DC}.Debug|Any CPU.Build.0 = Debug|Any CPU
		{4E4FCD6A-3456-4BF3-B392-B62AC89A51DC}.Release|Any CPU.ActiveCfg = Release|Any CPU
		{4E4FCD6A-3456-4BF3-B392-B62AC89A51DC}.Release|Any CPU.Build.0 = Release|Any CPU
	EndGlobalSection
	GlobalSection(SolutionProperties) = preSolution
		HideSolutionNode = FALSE
	EndGlobalSection
	GlobalSection(ExtensibilityGlobals) = postSolution
		SolutionGuid = {F21F0BCF-1CC6-4DDA-9745-01EE1EFAC77C}
	EndGlobalSection
EndGlobal
